Microsoft Visual Studio Solution File, Format Version 12.00
# Visual Studio 15
VisualStudioVersion = 15.0.28307.1758
MinimumVisualStudioVersion = 10.0.40219.1
Project("{8BC9CEB8-8B4A-11D0-8D11-00A0C91BC942}") = "SARibbonBar", "src\SARibbonBar\SARibbonBar.vcxproj", "{4800FB1F-4B5B-37B5-B56E-751A756760BD}"
EndProject
Project("{8BC9CEB8-8B4A-11D0-8D11-00A0C91BC942}") = "SARibbonMainWindowExample", "src\example\MainWindowExample\SARibbonMainWindowExample.vcxproj", "{C8BC8184-E421-375D-9A8D-3D668D99CE84}"
	ProjectSection(ProjectDependencies) = postProject
		{4800FB1F-4B5B-37B5-B56E-751A756760BD} = {4800FB1F-4B5B-37B5-B56E-751A756760BD}
	EndProjectSection
EndProject
Global
	GlobalSection(SolutionConfigurationPlatforms) = preSolution
		Debug|x64 = Debug|x64
		Release|x64 = Release|x64
	EndGlobalSection
	GlobalSection(ProjectConfigurationPlatforms) = postSolution
		{4800FB1F-4B5B-37B5-B56E-751A756760BD}.Debug|x64.ActiveCfg = Debug|x64
		{4800FB1F-4B5B-37B5-B56E-751A756760BD}.Debug|x64.Build.0 = Debug|x64
		{4800FB1F-4B5B-37B5-B56E-751A756760BD}.Release|x64.ActiveCfg = Release|x64
		{4800FB1F-4B5B-37B5-B56E-751A756760BD}.Release|x64.Build.0 = Release|x64
		{C8BC8184-E421-375D-9A8D-3D668D99CE84}.Debug|x64.ActiveCfg = Debug|x64
		{C8BC8184-E421-375D-9A8D-3D668D99CE84}.Debug|x64.Build.0 = Debug|x64
		{C8BC8184-E421-375D-9A8D-3D668D99CE84}.Release|x64.ActiveCfg = Release|x64
		{C8BC8184-E421-375D-9A8D-3D668D99CE84}.Release|x64.Build.0 = Release|x64
	EndGlobalSection
	GlobalSection(SolutionProperties) = preSolution
		HideSolutionNode = FALSE
	EndGlobalSection
	GlobalSection(ExtensibilityGlobals) = postSolution
		Qt5Version = 5.12.12_msvc2017_64
		SolutionGuid = {9688F4DB-6501-40D5-A8F9-292D628E69AB}
	EndGlobalSection
EndGlobal
